[root]
name = "optional"
version = "0.3.0"
dependencies = [
 "bencher 0.1.4 (registry+https://github.com/rust-lang/crates.io-index)",
 "serde 1.0.12 (registry+https://github.com/rust-lang/crates.io-index)",
 "serde_json 1.0.3 (registry+https://github.com/rust-lang/crates.io-index)",
]

[[package]]
name = "bencher"
version = "0.1.4"
source = "registry+https://github.com/rust-lang/crates.io-index"

[[package]]
name = "dtoa"
version = "0.4.2"
source = "registry+https://github.com/rust-lang/crates.io-index"

[[package]]
name = "itoa"
version = "0.3.3"
source = "registry+https://github.com/rust-lang/crates.io-index"

[[package]]
name = "num-traits"
version = "0.1.40"
source = "registry+https://github.com/rust-lang/crates.io-index"

[[package]]
name = "serde"
version = "1.0.12"
source = "registry+https://github.com/rust-lang/crates.io-index"

[[package]]
name = "serde_json"
version = "1.0.3"
source = "registry+https://github.com/rust-lang/crates.io-index"
dependencies = [
 "dtoa 0.4.2 (registry+https://github.com/rust-lang/crates.io-index)",
 "itoa 0.3.3 (registry+https://github.com/rust-lang/crates.io-index)",
 "num-traits 0.1.40 (registry+https://github.com/rust-lang/crates.io-index)",
 "serde 1.0.12 (registry+https://github.com/rust-lang/crates.io-index)",
]

[metadata]
"checksum bencher 0.1.4 (registry+https://github.com/rust-lang/crates.io-index)" = "1668b311500dd3b240933ee5ca5a80505e8378a4fa0a6457f629760e97d6c992"
"checksum dtoa 0.4.2 (registry+https://github.com/rust-lang/crates.io-index)" = "09c3753c3db574d215cba4ea76018483895d7bff25a31b49ba45db21c48e50ab"
"checksum itoa 0.3.3 (registry+https://github.com/rust-lang/crates.io-index)" = "ac17257442c2ed77dbc9fd555cf83c58b0c7f7d0e8f2ae08c0ac05c72842e1f6"
"checksum num-traits 0.1.40 (registry+https://github.com/rust-lang/crates.io-index)" = "99843c856d68d8b4313b03a17e33c4bb42ae8f6610ea81b28abe076ac721b9b0"
"checksum serde 1.0.12 (registry+https://github.com/rust-lang/crates.io-index)" = "7f61b753dd58ec5d4c735f794dbddde1f28b977f652afbcde89d75bc77902216"
"checksum serde_json 1.0.3 (registry+https://github.com/rust-lang/crates.io-index)" = "d243424e06f9f9c39e3cd36147470fd340db785825e367625f79298a6ac6b7ac"
